{
  "name": "bundle",
  "lockfileVersion": 2,
  "requires": true,
  "packages": {
    "": {
      "dependencies": {
        "coc-pyright": "^1.1.269"
      }
    },
    "node_modules/coc-pyright": {
      "version": "1.1.269",
      "resolved": "https://registry.npmjs.org/coc-pyright/-/coc-pyright-1.1.269.tgz",
      "integrity": "sha512-EojGUSCM6BDY1wTfsGxYnccVrbnk/VzvPqkACvjQGazxY5ZZnkZB3nymNEqdBhU31fS5PaoPraM83DVM6QhZRg==",
      "dependencies": {
        "pyright": "^1.1.269"
      },
      "engines": {
        "coc": "^0.0.80"
      }
    },
    "node_modules/pyright": {
      "version": "1.1.269",
      "resolved": "https://registry.npmjs.org/pyright/-/pyright-1.1.269.tgz",
      "integrity": "sha512-n3Q1ccQ4nzMmFGC8B6WUmuoylrkxrknlvpt1ODDbmXUFJlMQSNGLIoZYFZlnP0lt0b4tpO+nDaK1q0lI0nQaxA==",
      "bin": {
        "pyright": "index.js",
        "pyright-langserver": "langserver.index.js"
      },
      "engines": {
        "node": ">=12.0.0"
      }
    }
  },
  "dependencies": {
    "coc-pyright": {
      "version": "1.1.269",
      "resolved": "https://registry.npmjs.org/coc-pyright/-/coc-pyright-1.1.269.tgz",
      "integrity": "sha512-EojGUSCM6BDY1wTfsGxYnccVrbnk/VzvPqkACvjQGazxY5ZZnkZB3nymNEqdBhU31fS5PaoPraM83DVM6QhZRg==",
      "requires": {
        "pyright": "^1.1.269"
      }
    },
    "pyright": {
      "version": "1.1.269",
      "resolved": "https://registry.npmjs.org/pyright/-/pyright-1.1.269.tgz",
      "integrity": "sha512-n3Q1ccQ4nzMmFGC8B6WUmuoylrkxrknlvpt1ODDbmXUFJlMQSNGLIoZYFZlnP0lt0b4tpO+nDaK1q0lI0nQaxA=="
    }
  }
}
